// !$*UTF8*$!
{
	archiveVersion = 1;
	classes = {
	};
	objectVersion = 50;
	objects = {

/* Begin PBXBuildFile section */
		83946F4B26666AE900842FD9 /* FilterViewController.swift in Sources */ = {isa = PBXBuildFile; fileRef = 83959EA5262217590003492F /* FilterViewController.swift */; };
		83B58CDD25C8385A00DDFB22 /* AppDelegate.swift in Sources */ = {isa = PBXBuildFile; fileRef = 83B58CDC25C8385A00DDFB22 /* AppDelegate.swift */; };
		83B58CE425C8385A00DDFB22 /* Main.storyboard in Resources */ = {isa = PBXBuildFile; fileRef = 83B58CE225C8385A00DDFB22 /* Main.storyboard */; };
		83B58CE625C8385B00DDFB22 /* Assets.xcassets in Resources */ = {isa = PBXBuildFile; fileRef = 83B58CE525C8385B00DDFB22 /* Assets.xcassets */; };
		83B58CE925C8385B00DDFB22 /* LaunchScreen.storyboard in Resources */ = {isa = PBXBuildFile; fileRef = 83B58CE725C8385B00DDFB22 /* LaunchScreen.storyboard */; };
		83D1BCF6267C93F0001E1C9F /* WorkPlay.jpg in Resources */ = {isa = PBXBuildFile; fileRef = 83D1BCF5267C93F0001E1C9F /* WorkPlay.jpg */; };
		83F87E0D267B7A2E00B3BD94 /* TestImage.jpg in Resources */ = {isa = PBXBuildFile; fileRef = 83C614C4265CC9420053C197 /* TestImage.jpg */; };
/* End PBXBuildFile section */

/* Begin PBXFileReference section */
		83959EA5262217590003492F /* FilterViewController.swift */ = {isa = PBXFileReference; lastKnownFileType = sourcecode.swift; path = FilterViewController.swift; sourceTree = "<group>"; };
		83B58CD925C8385A00DDFB22 /* SSMetalImageFilter.app */ = {isa = PBXFileReference; explicitFileType = wrapper.application; includeInIndex = 0; path = SSMetalImageFilter.app; sourceTree = BUILT_PRODUCTS_DIR; };
		83B58CDC25C8385A00DDFB22 /* AppDelegate.swift */ = {isa = PBXFileReference; lastKnownFileType = sourcecode.swift; path = AppDelegate.swift; sourceTree = "<group>"; };
		83B58CE325C8385A00DDFB22 /* Base */ = {isa = PBXFileReference; lastKnownFileType = file.storyboard; name = Base; path = Base.lproj/Main.storyboard; sourceTree = "<group>"; };
		83B58CE525C8385B00DDFB22 /* Assets.xcassets */ = {isa = PBXFileReference; lastKnownFileType = folder.assetcatalog; path = Assets.xcassets; sourceTree = "<group>"; };
		83B58CE825C8385B00DDFB22 /* Base */ = {isa = PBXFileReference; lastKnownFileType = file.storyboard; name = Base; path = Base.lproj/LaunchScreen.storyboard; sourceTree = "<group>"; };
		83B58CEA25C8385B00DDFB22 /* Info.plist */ = {isa = PBXFileReference; lastKnownFileType = text.plist.xml; path = Info.plist; sourceTree = "<group>"; };
		83C614C4265CC9420053C197 /* TestImage.jpg */ = {isa = PBXFileReference; lastKnownFileType = image.jpeg; path = TestImage.jpg; sourceTree = "<group>"; };
		83D1BCF5267C93F0001E1C9F /* WorkPlay.jpg */ = {isa = PBXFileReference; lastKnownFileType = image.jpeg; path = WorkPlay.jpg; sourceTree = "<group>"; };
/* End PBXFileReference section */

/* Begin PBXFrameworksBuildPhase section */
		83B58CD625C8385A00DDFB22 /* Frameworks */ = {
			isa = PBXFrameworksBuildPhase;
			buildActionMask = 2147483647;
			files = (
			);
			runOnlyForDeploymentPostprocessing = 0;
		};
/* End PBXFrameworksBuildPhase section */

/* Begin PBXGroup section */
		83959EA22622170C0003492F /* View */ = {
			isa = PBXGroup;
			children = (
				83B58CE225C8385A00DDFB22 /* Main.storyboard */,
				83B58CE725C8385B00DDFB22 /* LaunchScreen.storyboard */,
			);
			path = View;
			sourceTree = "<group>";
		};
		83959EA3262217190003492F /* Controller */ = {
			isa = PBXGroup;
			children = (
				83959EA5262217590003492F /* FilterViewController.swift */,
			);
			path = Controller;
			sourceTree = "<group>";
		};
		83959EA42622172B0003492F /* Resource */ = {
			isa = PBXGroup;
			children = (
				83D1BCF5267C93F0001E1C9F /* WorkPlay.jpg */,
				83B58CE525C8385B00DDFB22 /* Assets.xcassets */,
				83C614C4265CC9420053C197 /* TestImage.jpg */,
			);
			path = Resource;
			sourceTree = "<group>";
		};
		83B58CD025C8385A00DDFB22 = {
			isa = PBXGroup;
			children = (
				83B58CDB25C8385A00DDFB22 /* SSMetalImageFilter */,
				83B58CDA25C8385A00DDFB22 /* Products */,
			);
			sourceTree = "<group>";
		};
		83B58CDA25C8385A00DDFB22 /* Products */ = {
			isa = PBXGroup;
			children = (
				83B58CD925C8385A00DDFB22 /* SSMetalImageFilter.app */,
			);
			name = Products;
			sourceTree = "<group>";
		};
		83B58CDB25C8385A00DDFB22 /* SSMetalImageFilter */ = {
			isa = PBXGroup;
			children = (
				83B58CDC25C8385A00DDFB22 /* AppDelegate.swift */,
				83B58CEA25C8385B00DDFB22 /* Info.plist */,
				83959EA42622172B0003492F /* Resource */,
				83959EA3262217190003492F /* Controller */,
				83959EA22622170C0003492F /* View */,
			);
			path = SSMetalImageFilter;
			sourceTree = "<group>";
		};
/* End PBXGroup section */

/* Begin PBXNativeTarget section */
		83B58CD825C8385A00DDFB22 /* ImageFilter_ML */ = {
			isa = PBXNativeTarget;
			buildConfigurationList = 83B58CED25C8385B00DDFB22 /* Build configuration list for PBXNativeTarget "ImageFilter_ML" */;
			buildPhases = (
				83B58CD525C8385A00DDFB22 /* Sources */,
				83B58CD625C8385A00DDFB22 /* Frameworks */,
				83B58CD725C8385A00DDFB22 /* Resources */,
			);
			buildRules = (
			);
			dependencies = (
			);
			name = ImageFilter_ML;
			productName = ImageFilter_ML;
			productReference = 83B58CD925C8385A00DDFB22 /* SSMetalImageFilter.app */;
			productType = "com.apple.product-type.application";
		};
/* End PBXNativeTarget section */

/* Begin PBXProject section */
		83B58CD125C8385A00DDFB22 /* Project object */ = {
			isa = PBXProject;
			attributes = {
				LastSwiftUpdateCheck = 1210;
				LastUpgradeCheck = 1210;
				ORGANIZATIONNAME = Simform;
				TargetAttributes = {
					83B58CD825C8385A00DDFB22 = {
						CreatedOnToolsVersion = 12.1;
					};
				};
			};
			buildConfigurationList = 83B58CD425C8385A00DDFB22 /* Build configuration list for PBXProject "SSMetalImageFilter" */;
			compatibilityVersion = "Xcode 9.3";
			developmentRegion = en;
			hasScannedForEncodings = 0;
			knownRegions = (
				en,
				Base,
			);
			mainGroup = 83B58CD025C8385A00DDFB22;
			productRefGroup = 83B58CDA25C8385A00DDFB22 /* Products */;
			projectDirPath = "";
			projectRoot = "";
			targets = (
				83B58CD825C8385A00DDFB22 /* ImageFilter_ML */,
			);
		};
/* End PBXProject section */

/* Begin PBXResourcesBuildPhase section */
		83B58CD725C8385A00DDFB22 /* Resources */ = {
			isa = PBXResourcesBuildPhase;
			buildActionMask = 2147483647;
			files = (
				83D1BCF6267C93F0001E1C9F /* WorkPlay.jpg in Resources */,
				83B58CE925C8385B00DDFB22 /* LaunchScreen.storyboard in Resources */,
				83F87E0D267B7A2E00B3BD94 /* TestImage.jpg in Resources */,
				83B58CE625C8385B00DDFB22 /* Assets.xcassets in Resources */,
				83B58CE425C8385A00DDFB22 /* Main.storyboard in Resources */,
			);
			runOnlyForDeploymentPostprocessing = 0;
		};
/* End PBXResourcesBuildPhase section */

/* Begin PBXSourcesBuildPhase section */
		83B58CD525C8385A00DDFB22 /* Sources */ = {
			isa = PBXSourcesBuildPhase;
			buildActionMask = 2147483647;
			files = (
				83946F4B26666AE900842FD9 /* FilterViewController.swift in Sources */,
				83B58CDD25C8385A00DDFB22 /* AppDelegate.swift in Sources */,
			);
			runOnlyForDeploymentPostprocessing = 0;
		};
/* End PBXSourcesBuildPhase section */

/* Begin PBXVariantGroup section */
		83B58CE225C8385A00DDFB22 /* Main.storyboard */ = {
			isa = PBXVariantGroup;
			children = (
				83B58CE325C8385A00DDFB22 /* Base */,
			);
			name = Main.storyboard;
			sourceTree = "<group>";
		};
		83B58CE725C8385B00DDFB22 /* LaunchScreen.storyboard */ = {
			isa = PBXVariantGroup;
			children = (
				83B58CE825C8385B00DDFB22 /* Base */,
			);
			name = LaunchScreen.storyboard;
			sourceTree = "<group>";
		};
/* End PBXVariantGroup section */

/* Begin XCBuildConfiguration section */
		83B58CEB25C8385B00DDFB22 /* Debug */ = {
			isa = XCBuildConfiguration;
			buildSettings = {
				ALWAYS_SEARCH_USER_PATHS = NO;
				CLANG_ANALYZER_NONNULL = YES;
				CLANG_ANALYZER_NUMBER_OBJECT_CONVERSION = YES_AGGRESSIVE;
				CLANG_CXX_LANGUAGE_STANDARD = "gnu++14";
				CLANG_CXX_LIBRARY = "libc++";
				CLANG_ENABLE_MODULES = YES;
				CLANG_ENABLE_OBJC_ARC = YES;
				CLANG_ENABLE_OBJC_WEAK = YES;
				CLANG_WARN_BLOCK_CAPTURE_AUTORELEASING = YES;
				CLANG_WARN_BOOL_CONVERSION = YES;
				CLANG_WARN_COMMA = YES;
				CLANG_WARN_CONSTANT_CONVERSION = YES;
				CLANG_WARN_DEPRECATED_OBJC_IMPLEMENTATIONS = YES;
				CLANG_WARN_DIRECT_OBJC_ISA_USAGE = YES_ERROR;
				CLANG_WARN_DOCUMENTATION_COMMENTS = YES;
				CLANG_WARN_EMPTY_BODY = YES;
				CLANG_WARN_ENUM_CONVERSION = YES;
				CLANG_WARN_INFINITE_RECURSION = YES;
				CLANG_WARN_INT_CONVERSION = YES;
				CLANG_WARN_NON_LITERAL_NULL_CONVERSION = YES;
				CLANG_WARN_OBJC_IMPLICIT_RETAIN_SELF = YES;
				CLANG_WARN_OBJC_LITERAL_CONVERSION = YES;
				CLANG_WARN_OBJC_ROOT_CLASS = YES_ERROR;
				CLANG_WARN_QUOTED_INCLUDE_IN_FRAMEWORK_HEADER = YES;
				CLANG_WARN_RANGE_LOOP_ANALYSIS = YES;
				CLANG_WARN_STRICT_PROTOTYPES = YES;
				CLANG_WARN_SUSPICIOUS_MOVE = YES;
				CLANG_WARN_UNGUARDED_AVAILABILITY = YES_AGGRESSIVE;
				CLANG_WARN_UNREACHABLE_CODE = YES;
				CLANG_WARN__DUPLICATE_METHOD_MATCH = YES;
				COPY_PHASE_STRIP = NO;
				DEBUG_INFORMATION_FORMAT = dwarf;
				ENABLE_STRICT_OBJC_MSGSEND = YES;
				ENABLE_TESTABILITY = YES;
				GCC_C_LANGUAGE_STANDARD = gnu11;
				GCC_DYNAMIC_NO_PIC = NO;
				GCC_NO_COMMON_BLOCKS = YES;
				GCC_OPTIMIZATION_LEVEL = 0;
				GCC_PREPROCESSOR_DEFINITIONS = (
					"DEBUG=1",
					"$(inherited)",
				);
				GCC_WARN_64_TO_32_BIT_CONVERSION = YES;
				GCC_WARN_ABOUT_RETURN_TYPE = YES_ERROR;
				GCC_WARN_UNDECLARED_SELECTOR = YES;
				GCC_WARN_UNINITIALIZED_AUTOS = YES_AGGRESSIVE;
				GCC_WARN_UNUSED_FUNCTION = YES;
				GCC_WARN_UNUSED_VARIABLE = YES;
				IPHONEOS_DEPLOYMENT_TARGET = 14.1;
				MTL_ENABLE_DEBUG_INFO = INCLUDE_SOURCE;
				MTL_FAST_MATH = YES;
				ONLY_ACTIVE_ARCH = YES;
				SDKROOT = iphoneos;
				SWIFT_ACTIVE_COMPILATION_CONDITIONS = DEBUG;
				SWIFT_OPTIMIZATION_LEVEL = "-Onone";
			};
			name = Debug;
		};
		83B58CEC25C8385B00DDFB22 /* Release */ = {
			isa = XCBuildConfiguration;
			buildSettings = {
				ALWAYS_SEARCH_USER_PATHS = NO;
				CLANG_ANALYZER_NONNULL = YES;
				CLANG_ANALYZER_NUMBER_OBJECT_CONVERSION = YES_AGGRESSIVE;
				CLANG_CXX_LANGUAGE_STANDARD = "gnu++14";
				CLANG_CXX_LIBRARY = "libc++";
				CLANG_ENABLE_MODULES = YES;
				CLANG_ENABLE_OBJC_ARC = YES;
				CLANG_ENABLE_OBJC_WEAK = YES;
				CLANG_WARN_BLOCK_CAPTURE_AUTORELEASING = YES;
				CLANG_WARN_BOOL_CONVERSION = YES;
				CLANG_WARN_COMMA = YES;
				CLANG_WARN_CONSTANT_CONVERSION = YES;
				CLANG_WARN_DEPRECATED_OBJC_IMPLEMENTATIONS = YES;
				CLANG_WARN_DIRECT_OBJC_ISA_USAGE = YES_ERROR;
				CLANG_WARN_DOCUMENTATION_COMMENTS = YES;
				CLANG_WARN_EMPTY_BODY = YES;
				CLANG_WARN_ENUM_CONVERSION = YES;
				CLANG_WARN_INFINITE_RECURSION = YES;
				CLANG_WARN_INT_CONVERSION = YES;
				CLANG_WARN_NON_LITERAL_NULL_CONVERSION = YES;
				CLANG_WARN_OBJC_IMPLICIT_RETAIN_SELF = YES;
				CLANG_WARN_OBJC_LITERAL_CONVERSION = YES;
				CLANG_WARN_OBJC_ROOT_CLASS = YES_ERROR;
				CLANG_WARN_QUOTED_INCLUDE_IN_FRAMEWORK_HEADER = YES;
				CLANG_WARN_RANGE_LOOP_ANALYSIS = YES;
				CLANG_WARN_STRICT_PROTOTYPES = YES;
				CLANG_WARN_SUSPICIOUS_MOVE = YES;
				CLANG_WARN_UNGUARDED_AVAILABILITY = YES_AGGRESSIVE;
				CLANG_WARN_UNREACHABLE_CODE = YES;
				CLANG_WARN__DUPLICATE_METHOD_MATCH = YES;
				COPY_PHASE_STRIP = NO;
				DEBUG_INFORMATION_FORMAT = "dwarf-with-dsym";
				ENABLE_NS_ASSERTIONS = NO;
				ENABLE_STRICT_OBJC_MSGSEND = YES;
				GCC_C_LANGUAGE_STANDARD = gnu11;
				GCC_NO_COMMON_BLOCKS = YES;
				GCC_WARN_64_TO_32_BIT_CONVERSION = YES;
				GCC_WARN_ABOUT_RETURN_TYPE = YES_ERROR;
				GCC_WARN_UNDECLARED_SELECTOR = YES;
				GCC_WARN_UNINITIALIZED_AUTOS = YES_AGGRESSIVE;
				GCC_WARN_UNUSED_FUNCTION = YES;
				GCC_WARN_UNUSED_VARIABLE = YES;
				IPHONEOS_DEPLOYMENT_TARGET = 14.1;
				MTL_ENABLE_DEBUG_INFO = NO;
				MTL_FAST_MATH = YES;
				SDKROOT = iphoneos;
				SWIFT_COMPILATION_MODE = wholemodule;
				SWIFT_OPTIMIZATION_LEVEL = "-O";
				VALIDATE_PRODUCT = YES;
			};
			name = Release;
		};
		83B58CEE25C8385B00DDFB22 /* Debug */ = {
			isa = XCBuildConfiguration;
			buildSettings = {
				ASSETCATALOG_COMPILER_APPICON_NAME = AppIcon;
				ASSETCATALOG_COMPILER_GLOBAL_ACCENT_COLOR_NAME = AccentColor;
				CODE_SIGN_STYLE = Automatic;
				DEVELOPMENT_TEAM = K7XJG666ZW;
				INFOPLIST_FILE = "$(SRCROOT)/SSMetalImageFilter/Info.plist";
				IPHONEOS_DEPLOYMENT_TARGET = 14.0;
				LD_RUNPATH_SEARCH_PATHS = (
					"$(inherited)",
					"@executable_path/Frameworks",
				);
				PRODUCT_BUNDLE_IDENTIFIER = com.metalimagefilter;
				PRODUCT_NAME = SSMetalImageFilter;
				SWIFT_VERSION = 5.0;
				TARGETED_DEVICE_FAMILY = 1;
			};
			name = Debug;
		};
		83B58CEF25C8385B00DDFB22 /* Release */ = {
			isa = XCBuildConfiguration;
			buildSettings = {
				ASSETCATALOG_COMPILER_APPICON_NAME = AppIcon;
				ASSETCATALOG_COMPILER_GLOBAL_ACCENT_COLOR_NAME = AccentColor;
				CODE_SIGN_IDENTITY = "Apple Development";
				CODE_SIGN_STYLE = Automatic;
				DEVELOPMENT_TEAM = K7XJG666ZW;
				INFOPLIST_FILE = "$(SRCROOT)/SSMetalImageFilter/Info.plist";
				IPHONEOS_DEPLOYMENT_TARGET = 14.0;
				LD_RUNPATH_SEARCH_PATHS = (
					"$(inherited)",
					"@executable_path/Frameworks",
				);
				PRODUCT_BUNDLE_IDENTIFIER = com.metalimagefilter;
				PRODUCT_NAME = SSMetalImageFilter;
				PROVISIONING_PROFILE_SPECIFIER = "";
				SWIFT_VERSION = 5.0;
				TARGETED_DEVICE_FAMILY = 1;
			};
			name = Release;
		};
/* End XCBuildConfiguration section */

/* Begin XCConfigurationList section */
		83B58CD425C8385A00DDFB22 /* Build configuration list for PBXProject "SSMetalImageFilter" */ = {
			isa = XCConfigurationList;
			buildConfigurations = (
				83B58CEB25C8385B00DDFB22 /* Debug */,
				83B58CEC25C8385B00DDFB22 /* Release */,
			);
			defaultConfigurationIsVisible = 0;
			defaultConfigurationName = Release;
		};
		83B58CED25C8385B00DDFB22 /* Build configuration list for PBXNativeTarget "ImageFilter_ML" */ = {
			isa = XCConfigurationList;
			buildConfigurations = (
				83B58CEE25C8385B00DDFB22 /* Debug */,
				83B58CEF25C8385B00DDFB22 /* Release */,
			);
			defaultConfigurationIsVisible = 0;
			defaultConfigurationName = Release;
		};
/* End XCConfigurationList section */
	};
	rootObject = 83B58CD125C8385A00DDFB22 /* Project object */;
}
